
Microsoft Visual Studio Solution File, Format Version 12.00
# Visual Studio Version 17
VisualStudioVersion = 17.6.33829.357
MinimumVisualStudioVersion = 10.0.40219.1
Project("{FAE04EC0-301F-11D3-BF4B-00C04F79EFBC}") = "ProyectoNugetCoches", "ProyectoNugetCoches.csproj", "{BD402789-2A5C-4CA6-963B-3677DAA5187D}"
EndProject
Global
	GlobalSection(SolutionConfigurationPlatforms) = preSolution
		Debug|Any CPU = Debug|Any CPU
		Release|Any CPU = Release|Any CPU
	EndGlobalSection
	GlobalSection(ProjectConfigurationPlatforms) = postSolution
		{BD402789-2A5C-4CA6-963B-3677DAA5187D}.Debug|Any CPU.ActiveCfg = Debug|Any CPU
		{BD402789-2A5C-4CA6-963B-3677DAA5187D}.Debug|Any CPU.Build.0 = Debug|Any CPU
		{BD402789-2A5C-4CA6-963B-3677DAA5187D}.Release|Any CPU.ActiveCfg = Release|Any CPU
		{BD402789-2A5C-4CA6-963B-3677DAA5187D}.Release|Any CPU.Build.0 = Release|Any CPU
	EndGlobalSection
	GlobalSection(SolutionProperties) = preSolution
		HideSolutionNode = FALSE
	EndGlobalSection
	GlobalSection(ExtensibilityGlobals) = postSolution
		SolutionGuid = {5FFBEA8A-9BFE-4351-B224-7D180164DAD3}
	EndGlobalSection
EndGlobal
