
Microsoft Visual Studio Solution File, Format Version 12.00
# Visual Studio Version 17
VisualStudioVersion = 17.6.33829.357
MinimumVisualStudioVersion = 10.0.40219.1
Project("{FAE04EC0-301F-11D3-BF4B-00C04F79EFBC}") = "MvcCoreKeyVault", "MvcCoreKeyVault.csproj", "{386F956C-E63C-4231-B7CA-2B89108F4767}"
EndProject
Global
	GlobalSection(SolutionConfigurationPlatforms) = preSolution
		Debug|Any CPU = Debug|Any CPU
		Release|Any CPU = Release|Any CPU
	EndGlobalSection
	GlobalSection(ProjectConfigurationPlatforms) = postSolution
		{386F956C-E63C-4231-B7CA-2B89108F4767}.Debug|Any CPU.ActiveCfg = Debug|Any CPU
		{386F956C-E63C-4231-B7CA-2B89108F4767}.Debug|Any CPU.Build.0 = Debug|Any CPU
		{386F956C-E63C-4231-B7CA-2B89108F4767}.Release|Any CPU.ActiveCfg = Release|Any CPU
		{386F956C-E63C-4231-B7CA-2B89108F4767}.Release|Any CPU.Build.0 = Release|Any CPU
	EndGlobalSection
	GlobalSection(SolutionProperties) = preSolution
		HideSolutionNode = FALSE
	EndGlobalSection
	GlobalSection(ExtensibilityGlobals) = postSolution
		SolutionGuid = {B89355FA-45D7-49A7-89BB-F7A1F8C31EDA}
	EndGlobalSection
EndGlobal
